github.com/bradfitz/gomemcache v0.0.0-20250403215159-8d39553ac7cf h1:TqhNAT4zKbTdLa62d2HDBFdvgSbIGB3eJE8HqhgiL9I=
github.com/bradfitz/gomemcache v0.0.0-20250403215159-8d39553ac7cf/go.mod h1:r5xuitiExdLAJ09PR7vBVENGvp4ZuTBeWTGtxuX3K+c=
golang.org/x/sys v0.44.0 h1:ildZl3J4uzeKP07r2F++Op7E9B29JRUy+a27EibtBTQ=
golang.org/x/sys v0.44.0/go.mod h1:4GL1E5IUh+htKOUEOaiffhrAeqysfVGipDYzABqnCmw=
